{
  "name": "res-pareto-collation",
  "version": "0.4.0",
  "lockfileVersion": 2,
  "requires": true,
  "packages": {
    "": {
      "name": "res-pareto-collation",
      "version": "0.4.0",
      "license": "ISC",
      "dependencies": {
        "api-pareto-collation": "^0.8.0"
      },
      "devDependencies": {
        "@types/node": "^18.7.16"
      }
    },
    "node_modules/@types/node": {
      "version": "18.7.16",
      "resolved": "https://registry.npmjs.org/@types/node/-/node-18.7.16.tgz",
      "integrity": "sha512-EQHhixfu+mkqHMZl1R2Ovuvn47PUw18azMJOTwSZr9/fhzHNGXAJ0ma0dayRVchprpCj0Kc1K1xKoWaATWF1qg==",
      "dev": true
    },
    "node_modules/api-pareto-collation": {
      "version": "0.8.0",
      "resolved": "https://registry.npmjs.org/api-pareto-collation/-/api-pareto-collation-0.8.0.tgz",
      "integrity": "sha512-delPA4b/idaz3JoFc3ksz7TgoPh9xMQpcHGdsXqLUQDzSgS61mBiDjOmyRnc2e4yxeDL7nfISmvmrH0H77Rkkg==",
      "dependencies": {
        "pareto-core-types": "^0.5.0"
      }
    },
    "node_modules/pareto-core-types": {
      "version": "0.5.0",
      "resolved": "https://registry.npmjs.org/pareto-core-types/-/pareto-core-types-0.5.0.tgz",
      "integrity": "sha512-RgJ5V2Eg/E8wUtlXL0T+0oywXRubtBChdoKfdRctjExtmrU2UeWkIvrncbxe4k+pyMxO3eJ3NQ/58trkW7L+Cg=="
    }
  },
  "dependencies": {
    "@types/node": {
      "version": "18.7.16",
      "resolved": "https://registry.npmjs.org/@types/node/-/node-18.7.16.tgz",
      "integrity": "sha512-EQHhixfu+mkqHMZl1R2Ovuvn47PUw18azMJOTwSZr9/fhzHNGXAJ0ma0dayRVchprpCj0Kc1K1xKoWaATWF1qg==",
      "dev": true
    },
    "api-pareto-collation": {
      "version": "0.8.0",
      "resolved": "https://registry.npmjs.org/api-pareto-collation/-/api-pareto-collation-0.8.0.tgz",
      "integrity": "sha512-delPA4b/idaz3JoFc3ksz7TgoPh9xMQpcHGdsXqLUQDzSgS61mBiDjOmyRnc2e4yxeDL7nfISmvmrH0H77Rkkg==",
      "requires": {
        "pareto-core-types": "^0.5.0"
      }
    },
    "pareto-core-types": {
      "version": "0.5.0",
      "resolved": "https://registry.npmjs.org/pareto-core-types/-/pareto-core-types-0.5.0.tgz",
      "integrity": "sha512-RgJ5V2Eg/E8wUtlXL0T+0oywXRubtBChdoKfdRctjExtmrU2UeWkIvrncbxe4k+pyMxO3eJ3NQ/58trkW7L+Cg=="
    }
  }
}
